// !$*UTF8*$!
{
	archiveVersion = 1;
	classes = {
	};
	objectVersion = 51;
	objects = {

/* Begin PBXBuildFile section */
		2628E2378F3CE43F021CE411 /* Pods_RSS_Reader.framework in Frameworks */ = {isa = PBXBuildFile; fileRef = D97F16C2013F52F8E39FF1BC /* Pods_RSS_Reader.framework */; };
		4521358D24998017003D721C /* Requests.swift in Sources */ = {isa = PBXBuildFile; fileRef = 4521358C24998016003D721C /* Requests.swift */; };
		456CAD2B2493B48500302C6F /* AppDelegate.swift in Sources */ = {isa = PBXBuildFile; fileRef = 456CAD2A2493B48500302C6F /* AppDelegate.swift */; };
		456CAD2D2493B48500302C6F /* SceneDelegate.swift in Sources */ = {isa = PBXBuildFile; fileRef = 456CAD2C2493B48500302C6F /* SceneDelegate.swift */; };
		456CAD322493B48500302C6F /* Main.storyboard in Resources */ = {isa = PBXBuildFile; fileRef = 456CAD302493B48500302C6F /* Main.storyboard */; };
		456CAD342493B48D00302C6F /* Assets.xcassets in Resources */ = {isa = PBXBuildFile; fileRef = 456CAD332493B48D00302C6F /* Assets.xcassets */; };
		456CAD372493B48D00302C6F /* LaunchScreen.storyboard in Resources */ = {isa = PBXBuildFile; fileRef = 456CAD352493B48D00302C6F /* LaunchScreen.storyboard */; };
		456CAD3F2493B51B00302C6F /* DetailNewsController.swift in Sources */ = {isa = PBXBuildFile; fileRef = 456CAD3E2493B51B00302C6F /* DetailNewsController.swift */; };
		456CAD412493BC4100302C6F /* Cell.swift in Sources */ = {isa = PBXBuildFile; fileRef = 456CAD402493BC4100302C6F /* Cell.swift */; };
		456CAD432493BEE700302C6F /* NewsController.swift in Sources */ = {isa = PBXBuildFile; fileRef = 456CAD422493BEE700302C6F /* NewsController.swift */; };
/* End PBXBuildFile section */

/* Begin PBXFileReference section */
		418E793A3DC8CD57C4E2F1E9 /* Pods-RSS Reader.release.xcconfig */ = {isa = PBXFileReference; includeInIndex = 1; lastKnownFileType = text.xcconfig; name = "Pods-RSS Reader.release.xcconfig"; path = "Target Support Files/Pods-RSS Reader/Pods-RSS Reader.release.xcconfig"; sourceTree = "<group>"; };
		4521358C24998016003D721C /* Requests.swift */ = {isa = PBXFileReference; lastKnownFileType = sourcecode.swift; path = Requests.swift; sourceTree = "<group>"; };
		456CAD272493B48500302C6F /* ВестиRU.app */ = {isa = PBXFileReference; explicitFileType = wrapper.application; includeInIndex = 0; path = "ВестиRU.app"; sourceTree = BUILT_PRODUCTS_DIR; };
		456CAD2A2493B48500302C6F /* AppDelegate.swift */ = {isa = PBXFileReference; lastKnownFileType = sourcecode.swift; path = AppDelegate.swift; sourceTree = "<group>"; };
		456CAD2C2493B48500302C6F /* SceneDelegate.swift */ = {isa = PBXFileReference; lastKnownFileType = sourcecode.swift; path = SceneDelegate.swift; sourceTree = "<group>"; };
		456CAD312493B48500302C6F /* Base */ = {isa = PBXFileReference; lastKnownFileType = file.storyboard; name = Base; path = Base.lproj/Main.storyboard; sourceTree = "<group>"; };
		456CAD332493B48D00302C6F /* Assets.xcassets */ = {isa = PBXFileReference; lastKnownFileType = folder.assetcatalog; path = Assets.xcassets; sourceTree = "<group>"; };
		456CAD362493B48D00302C6F /* Base */ = {isa = PBXFileReference; lastKnownFileType = file.storyboard; name = Base; path = Base.lproj/LaunchScreen.storyboard; sourceTree = "<group>"; };
		456CAD382493B48D00302C6F /* Info.plist */ = {isa = PBXFileReference; lastKnownFileType = text.plist.xml; path = Info.plist; sourceTree = "<group>"; };
		456CAD3E2493B51B00302C6F /* DetailNewsController.swift */ = {isa = PBXFileReference; lastKnownFileType = sourcecode.swift; path = DetailNewsController.swift; sourceTree = "<group>"; };
		456CAD402493BC4100302C6F /* Cell.swift */ = {isa = PBXFileReference; lastKnownFileType = sourcecode.swift; path = Cell.swift; sourceTree = "<group>"; };
		456CAD422493BEE700302C6F /* NewsController.swift */ = {isa = PBXFileReference; lastKnownFileType = sourcecode.swift; path = NewsController.swift; sourceTree = "<group>"; };
		5A8FECED0D50B2F0A7E5532D /* Pods-RSS Reader.debug.xcconfig */ = {isa = PBXFileReference; includeInIndex = 1; lastKnownFileType = text.xcconfig; name = "Pods-RSS Reader.debug.xcconfig"; path = "Target Support Files/Pods-RSS Reader/Pods-RSS Reader.debug.xcconfig"; sourceTree = "<group>"; };
		D97F16C2013F52F8E39FF1BC /* Pods_RSS_Reader.framework */ = {isa = PBXFileReference; explicitFileType = wrapper.framework; includeInIndex = 0; path = Pods_RSS_Reader.framework; sourceTree = BUILT_PRODUCTS_DIR; };
/* End PBXFileReference section */

/* Begin PBXFrameworksBuildPhase section */
		456CAD242493B48500302C6F /* Frameworks */ = {
			isa = PBXFrameworksBuildPhase;
			buildActionMask = 2147483647;
			files = (
				2628E2378F3CE43F021CE411 /* Pods_RSS_Reader.framework in Frameworks */,
			);
			runOnlyForDeploymentPostprocessing = 0;
		};
/* End PBXFrameworksBuildPhase section */

/* Begin PBXGroup section */
		456CAD1E2493B48500302C6F = {
			isa = PBXGroup;
			children = (
				456CAD292493B48500302C6F /* RSS Reader */,
				456CAD282493B48500302C6F /* Products */,
				AE0EF792A5965F3592F4F702 /* Pods */,
				A0FCACBCA1E9FF10522415BB /* Frameworks */,
			);
			sourceTree = "<group>";
		};
		456CAD282493B48500302C6F /* Products */ = {
			isa = PBXGroup;
			children = (
				456CAD272493B48500302C6F /* ВестиRU.app */,
			);
			name = Products;
			sourceTree = "<group>";
		};
		456CAD292493B48500302C6F /* RSS Reader */ = {
			isa = PBXGroup;
			children = (
				456CAD2A2493B48500302C6F /* AppDelegate.swift */,
				456CAD2C2493B48500302C6F /* SceneDelegate.swift */,
				456CAD422493BEE700302C6F /* NewsController.swift */,
				4521358C24998016003D721C /* Requests.swift */,
				456CAD3E2493B51B00302C6F /* DetailNewsController.swift */,
				456CAD402493BC4100302C6F /* Cell.swift */,
				456CAD302493B48500302C6F /* Main.storyboard */,
				456CAD352493B48D00302C6F /* LaunchScreen.storyboard */,
				456CAD332493B48D00302C6F /* Assets.xcassets */,
				456CAD382493B48D00302C6F /* Info.plist */,
			);
			path = "RSS Reader";
			sourceTree = "<group>";
		};
		A0FCACBCA1E9FF10522415BB /* Frameworks */ = {
			isa = PBXGroup;
			children = (
				D97F16C2013F52F8E39FF1BC /* Pods_RSS_Reader.framework */,
			);
			name = Frameworks;
			sourceTree = "<group>";
		};
		AE0EF792A5965F3592F4F702 /* Pods */ = {
			isa = PBXGroup;
			children = (
				5A8FECED0D50B2F0A7E5532D /* Pods-RSS Reader.debug.xcconfig */,
				418E793A3DC8CD57C4E2F1E9 /* Pods-RSS Reader.release.xcconfig */,
			);
			path = Pods;
			sourceTree = "<group>";
		};
/* End PBXGroup section */

/* Begin PBXNativeTarget section */
		456CAD262493B48500302C6F /* RSS Reader */ = {
			isa = PBXNativeTarget;
			buildConfigurationList = 456CAD3B2493B48D00302C6F /* Build configuration list for PBXNativeTarget "RSS Reader" */;
			buildPhases = (
				32D1FA4D47AEC92DCE4C93A9 /* [CP] Check Pods Manifest.lock */,
				456CAD232493B48500302C6F /* Sources */,
				456CAD242493B48500302C6F /* Frameworks */,
				456CAD252493B48500302C6F /* Resources */,
				70206A326B3904514FAC6353 /* [CP] Embed Pods Frameworks */,
			);
			buildRules = (
			);
			dependencies = (
			);
			name = "RSS Reader";
			productName = "RSS Reader";
			productReference = 456CAD272493B48500302C6F /* ВестиRU.app */;
			productType = "com.apple.product-type.application";
		};
/* End PBXNativeTarget section */

/* Begin PBXProject section */
		456CAD1F2493B48500302C6F /* Project object */ = {
			isa = PBXProject;
			attributes = {
				LastSwiftUpdateCheck = 1150;
				LastUpgradeCheck = 1150;
				ORGANIZATIONNAME = "Михаил Маслов";
				TargetAttributes = {
					456CAD262493B48500302C6F = {
						CreatedOnToolsVersion = 11.5;
					};
				};
			};
			buildConfigurationList = 456CAD222493B48500302C6F /* Build configuration list for PBXProject "RSS Reader" */;
			compatibilityVersion = "Xcode 9.3";
			developmentRegion = en;
			hasScannedForEncodings = 0;
			knownRegions = (
				en,
				Base,
			);
			mainGroup = 456CAD1E2493B48500302C6F;
			productRefGroup = 456CAD282493B48500302C6F /* Products */;
			projectDirPath = "";
			projectRoot = "";
			targets = (
				456CAD262493B48500302C6F /* RSS Reader */,
			);
		};
/* End PBXProject section */

/* Begin PBXResourcesBuildPhase section */
		456CAD252493B48500302C6F /* Resources */ = {
			isa = PBXResourcesBuildPhase;
			buildActionMask = 2147483647;
			files = (
				456CAD372493B48D00302C6F /* LaunchScreen.storyboard in Resources */,
				456CAD342493B48D00302C6F /* Assets.xcassets in Resources */,
				456CAD322493B48500302C6F /* Main.storyboard in Resources */,
			);
			runOnlyForDeploymentPostprocessing = 0;
		};
/* End PBXResourcesBuildPhase section */

/* Begin PBXShellScriptBuildPhase section */
		32D1FA4D47AEC92DCE4C93A9 /* [CP] Check Pods Manifest.lock */ = {
			isa = PBXShellScriptBuildPhase;
			buildActionMask = 2147483647;
			files = (
			);
			inputFileListPaths = (
			);
			inputPaths = (
				"${PODS_PODFILE_DIR_PATH}/Podfile.lock",
				"${PODS_ROOT}/Manifest.lock",
			);
			name = "[CP] Check Pods Manifest.lock";
			outputFileListPaths = (
			);
			outputPaths = (
				"$(DERIVED_FILE_DIR)/Pods-RSS Reader-checkManifestLockResult.txt",
			);
			runOnlyForDeploymentPostprocessing = 0;
			shellPath = /bin/sh;
			shellScript = "diff \"${PODS_PODFILE_DIR_PATH}/Podfile.lock\" \"${PODS_ROOT}/Manifest.lock\" > /dev/null\nif [ $? != 0 ] ; then\n    # print error to STDERR\n    echo \"error: The sandbox is not in sync with the Podfile.lock. Run 'pod install' or update your CocoaPods installation.\" >&2\n    exit 1\nfi\n# This output is used by Xcode 'outputs' to avoid re-running this script phase.\necho \"SUCCESS\" > \"${SCRIPT_OUTPUT_FILE_0}\"\n";
			showEnvVarsInLog = 0;
		};
		70206A326B3904514FAC6353 /* [CP] Embed Pods Frameworks */ = {
			isa = PBXShellScriptBuildPhase;
			buildActionMask = 2147483647;
			files = (
			);
			inputFileListPaths = (
				"${PODS_ROOT}/Target Support Files/Pods-RSS Reader/Pods-RSS Reader-frameworks-${CONFIGURATION}-input-files.xcfilelist",
			);
			name = "[CP] Embed Pods Frameworks";
			outputFileListPaths = (
				"${PODS_ROOT}/Target Support Files/Pods-RSS Reader/Pods-RSS Reader-frameworks-${CONFIGURATION}-output-files.xcfilelist",
			);
			runOnlyForDeploymentPostprocessing = 0;
			shellPath = /bin/sh;
			shellScript = "\"${PODS_ROOT}/Target Support Files/Pods-RSS Reader/Pods-RSS Reader-frameworks.sh\"\n";
			showEnvVarsInLog = 0;
		};
/* End PBXShellScriptBuildPhase section */

/* Begin PBXSourcesBuildPhase section */
		456CAD232493B48500302C6F /* Sources */ = {
			isa = PBXSourcesBuildPhase;
			buildActionMask = 2147483647;
			files = (
				456CAD2B2493B48500302C6F /* AppDelegate.swift in Sources */,
				456CAD412493BC4100302C6F /* Cell.swift in Sources */,
				456CAD3F2493B51B00302C6F /* DetailNewsController.swift in Sources */,
				456CAD432493BEE700302C6F /* NewsController.swift in Sources */,
				4521358D24998017003D721C /* Requests.swift in Sources */,
				456CAD2D2493B48500302C6F /* SceneDelegate.swift in Sources */,
			);
			runOnlyForDeploymentPostprocessing = 0;
		};
/* End PBXSourcesBuildPhase section */

/* Begin PBXVariantGroup section */
		456CAD302493B48500302C6F /* Main.storyboard */ = {
			isa = PBXVariantGroup;
			children = (
				456CAD312493B48500302C6F /* Base */,
			);
			name = Main.storyboard;
			sourceTree = "<group>";
		};
		456CAD352493B48D00302C6F /* LaunchScreen.storyboard */ = {
			isa = PBXVariantGroup;
			children = (
				456CAD362493B48D00302C6F /* Base */,
			);
			name = LaunchScreen.storyboard;
			sourceTree = "<group>";
		};
/* End PBXVariantGroup section */

/* Begin XCBuildConfiguration section */
		456CAD392493B48D00302C6F /* Debug */ = {
			isa = XCBuildConfiguration;
			buildSettings = {
				ALWAYS_SEARCH_USER_PATHS = NO;
				CLANG_ANALYZER_NONNULL = YES;
				CLANG_ANALYZER_NUMBER_OBJECT_CONVERSION = YES_AGGRESSIVE;
				CLANG_CXX_LANGUAGE_STANDARD = "gnu++14";
				CLANG_CXX_LIBRARY = "libc++";
				CLANG_ENABLE_MODULES = YES;
				CLANG_ENABLE_OBJC_ARC = YES;
				CLANG_ENABLE_OBJC_WEAK = YES;
				CLANG_WARN_BLOCK_CAPTURE_AUTORELEASING = YES;
				CLANG_WARN_BOOL_CONVERSION = YES;
				CLANG_WARN_COMMA = YES;
				CLANG_WARN_CONSTANT_CONVERSION = YES;
				CLANG_WARN_DEPRECATED_OBJC_IMPLEMENTATIONS = YES;
				CLANG_WARN_DIRECT_OBJC_ISA_USAGE = YES_ERROR;
				CLANG_WARN_DOCUMENTATION_COMMENTS = YES;
				CLANG_WARN_EMPTY_BODY = YES;
				CLANG_WARN_ENUM_CONVERSION = YES;
				CLANG_WARN_INFINITE_RECURSION = YES;
				CLANG_WARN_INT_CONVERSION = YES;
				CLANG_WARN_NON_LITERAL_NULL_CONVERSION = YES;
				CLANG_WARN_OBJC_IMPLICIT_RETAIN_SELF = YES;
				CLANG_WARN_OBJC_LITERAL_CONVERSION = YES;
				CLANG_WARN_OBJC_ROOT_CLASS = YES_ERROR;
				CLANG_WARN_RANGE_LOOP_ANALYSIS = YES;
				CLANG_WARN_STRICT_PROTOTYPES = YES;
				CLANG_WARN_SUSPICIOUS_MOVE = YES;
				CLANG_WARN_UNGUARDED_AVAILABILITY = YES_AGGRESSIVE;
				CLANG_WARN_UNREACHABLE_CODE = YES;
				CLANG_WARN__DUPLICATE_METHOD_MATCH = YES;
				COPY_PHASE_STRIP = NO;
				DEBUG_INFORMATION_FORMAT = dwarf;
				ENABLE_STRICT_OBJC_MSGSEND = YES;
				ENABLE_TESTABILITY = YES;
				GCC_C_LANGUAGE_STANDARD = gnu11;
				GCC_DYNAMIC_NO_PIC = NO;
				GCC_NO_COMMON_BLOCKS = YES;
				GCC_OPTIMIZATION_LEVEL = 0;
				GCC_PREPROCESSOR_DEFINITIONS = (
					"DEBUG=1",
					"$(inherited)",
				);
				GCC_WARN_64_TO_32_BIT_CONVERSION = YES;
				GCC_WARN_ABOUT_RETURN_TYPE = YES_ERROR;
				GCC_WARN_UNDECLARED_SELECTOR = YES;
				GCC_WARN_UNINITIALIZED_AUTOS = YES_AGGRESSIVE;
				GCC_WARN_UNUSED_FUNCTION = YES;
				GCC_WARN_UNUSED_VARIABLE = YES;
				IPHONEOS_DEPLOYMENT_TARGET = 13.5;
				MTL_ENABLE_DEBUG_INFO = INCLUDE_SOURCE;
				MTL_FAST_MATH = YES;
				ONLY_ACTIVE_ARCH = YES;
				SDKROOT = iphoneos;
				SWIFT_ACTIVE_COMPILATION_CONDITIONS = DEBUG;
				SWIFT_OPTIMIZATION_LEVEL = "-Onone";
			};
			name = Debug;
		};
		456CAD3A2493B48D00302C6F /* Release */ = {
			isa = XCBuildConfiguration;
			buildSettings = {
				ALWAYS_SEARCH_USER_PATHS = NO;
				CLANG_ANALYZER_NONNULL = YES;
				CLANG_ANALYZER_NUMBER_OBJECT_CONVERSION = YES_AGGRESSIVE;
				CLANG_CXX_LANGUAGE_STANDARD = "gnu++14";
				CLANG_CXX_LIBRARY = "libc++";
				CLANG_ENABLE_MODULES = YES;
				CLANG_ENABLE_OBJC_ARC = YES;
				CLANG_ENABLE_OBJC_WEAK = YES;
				CLANG_WARN_BLOCK_CAPTURE_AUTORELEASING = YES;
				CLANG_WARN_BOOL_CONVERSION = YES;
				CLANG_WARN_COMMA = YES;
				CLANG_WARN_CONSTANT_CONVERSION = YES;
				CLANG_WARN_DEPRECATED_OBJC_IMPLEMENTATIONS = YES;
				CLANG_WARN_DIRECT_OBJC_ISA_USAGE = YES_ERROR;
				CLANG_WARN_DOCUMENTATION_COMMENTS = YES;
				CLANG_WARN_EMPTY_BODY = YES;
				CLANG_WARN_ENUM_CONVERSION = YES;
				CLANG_WARN_INFINITE_RECURSION = YES;
				CLANG_WARN_INT_CONVERSION = YES;
				CLANG_WARN_NON_LITERAL_NULL_CONVERSION = YES;
				CLANG_WARN_OBJC_IMPLICIT_RETAIN_SELF = YES;
				CLANG_WARN_OBJC_LITERAL_CONVERSION = YES;
				CLANG_WARN_OBJC_ROOT_CLASS = YES_ERROR;
				CLANG_WARN_RANGE_LOOP_ANALYSIS = YES;
				CLANG_WARN_STRICT_PROTOTYPES = YES;
				CLANG_WARN_SUSPICIOUS_MOVE = YES;
				CLANG_WARN_UNGUARDED_AVAILABILITY = YES_AGGRESSIVE;
				CLANG_WARN_UNREACHABLE_CODE = YES;
				CLANG_WARN__DUPLICATE_METHOD_MATCH = YES;
				COPY_PHASE_STRIP = NO;
				DEBUG_INFORMATION_FORMAT = "dwarf-with-dsym";
				ENABLE_NS_ASSERTIONS = NO;
				ENABLE_STRICT_OBJC_MSGSEND = YES;
				GCC_C_LANGUAGE_STANDARD = gnu11;
				GCC_NO_COMMON_BLOCKS = YES;
				GCC_WARN_64_TO_32_BIT_CONVERSION = YES;
				GCC_WARN_ABOUT_RETURN_TYPE = YES_ERROR;
				GCC_WARN_UNDECLARED_SELECTOR = YES;
				GCC_WARN_UNINITIALIZED_AUTOS = YES_AGGRESSIVE;
				GCC_WARN_UNUSED_FUNCTION = YES;
				GCC_WARN_UNUSED_VARIABLE = YES;
				IPHONEOS_DEPLOYMENT_TARGET = 13.5;
				MTL_ENABLE_DEBUG_INFO = NO;
				MTL_FAST_MATH = YES;
				SDKROOT = iphoneos;
				SWIFT_COMPILATION_MODE = wholemodule;
				SWIFT_OPTIMIZATION_LEVEL = "-O";
				VALIDATE_PRODUCT = YES;
			};
			name = Release;
		};
		456CAD3C2493B48D00302C6F /* Debug */ = {
			isa = XCBuildConfiguration;
			baseConfigurationReference = 5A8FECED0D50B2F0A7E5532D /* Pods-RSS Reader.debug.xcconfig */;
			buildSettings = {
				ASSETCATALOG_COMPILER_APPICON_NAME = AppIcon;
				CODE_SIGN_STYLE = Automatic;
				DEVELOPMENT_TEAM = 4T6G57HTX8;
				INFOPLIST_FILE = "RSS Reader/Info.plist";
				LD_RUNPATH_SEARCH_PATHS = (
					"$(inherited)",
					"@executable_path/Frameworks",
				);
				PRODUCT_BUNDLE_IDENTIFIER = "Mikhail.Maslov.RSS-Reader";
				PRODUCT_NAME = "ВестиRU";
				SWIFT_VERSION = 5.0;
				TARGETED_DEVICE_FAMILY = 1;
			};
			name = Debug;
		};
		456CAD3D2493B48D00302C6F /* Release */ = {
			isa = XCBuildConfiguration;
			baseConfigurationReference = 418E793A3DC8CD57C4E2F1E9 /* Pods-RSS Reader.release.xcconfig */;
			buildSettings = {
				ASSETCATALOG_COMPILER_APPICON_NAME = AppIcon;
				CODE_SIGN_STYLE = Automatic;
				DEVELOPMENT_TEAM = 4T6G57HTX8;
				INFOPLIST_FILE = "RSS Reader/Info.plist";
				LD_RUNPATH_SEARCH_PATHS = (
					"$(inherited)",
					"@executable_path/Frameworks",
				);
				PRODUCT_BUNDLE_IDENTIFIER = "Mikhail.Maslov.RSS-Reader";
				PRODUCT_NAME = "ВестиRU";
				SWIFT_VERSION = 5.0;
				TARGETED_DEVICE_FAMILY = 1;
			};
			name = Release;
		};
/* End XCBuildConfiguration section */

/* Begin XCConfigurationList section */
		456CAD222493B48500302C6F /* Build configuration list for PBXProject "RSS Reader" */ = {
			isa = XCConfigurationList;
			buildConfigurations = (
				456CAD392493B48D00302C6F /* Debug */,
				456CAD3A2493B48D00302C6F /* Release */,
			);
			defaultConfigurationIsVisible = 0;
			defaultConfigurationName = Release;
		};
		456CAD3B2493B48D00302C6F /* Build configuration list for PBXNativeTarget "RSS Reader" */ = {
			isa = XCConfigurationList;
			buildConfigurations = (
				456CAD3C2493B48D00302C6F /* Debug */,
				456CAD3D2493B48D00302C6F /* Release */,
			);
			defaultConfigurationIsVisible = 0;
			defaultConfigurationName = Release;
		};
/* End XCConfigurationList section */
	};
	rootObject = 456CAD1F2493B48500302C6F /* Project object */;
}
